
Microsoft Visual Studio Solution File, Format Version 12.00
# Visual Studio Version 16
VisualStudioVersion = 16.0.31729.503
MinimumVisualStudioVersion = 10.0.40219.1
Project("{FAE04EC0-301F-11D3-BF4B-00C04F79EFBC}") = "Proje4_3c", "Proje4_3c\Proje4_3c.csproj", "{2D345798-0FE7-40C9-A101-B228315BF4E8}"
EndProject
Global
	GlobalSection(SolutionConfigurationPlatforms) = preSolution
		Debug|Any CPU = Debug|Any CPU
		Release|Any CPU = Release|Any CPU
	EndGlobalSection
	GlobalSection(ProjectConfigurationPlatforms) = postSolution
		{2D345798-0FE7-40C9-A101-B228315BF4E8}.Debug|Any CPU.ActiveCfg = Debug|Any CPU
		{2D345798-0FE7-40C9-A101-B228315BF4E8}.Debug|Any CPU.Build.0 = Debug|Any CPU
		{2D345798-0FE7-40C9-A101-B228315BF4E8}.Release|Any CPU.ActiveCfg = Release|Any CPU
		{2D345798-0FE7-40C9-A101-B228315BF4E8}.Release|Any CPU.Build.0 = Release|Any CPU
	EndGlobalSection
	GlobalSection(SolutionProperties) = preSolution
		HideSolutionNode = FALSE
	EndGlobalSection
	GlobalSection(ExtensibilityGlobals) = postSolution
		SolutionGuid = {C65E794C-05D5-48BB-A4EB-29CD7A33CF65}
	EndGlobalSection
EndGlobal
