
Microsoft Visual Studio Solution File, Format Version 12.00
# Visual Studio Version 16
VisualStudioVersion = 16.0.31729.503
MinimumVisualStudioVersion = 10.0.40219.1
Project("{FAE04EC0-301F-11D3-BF4B-00C04F79EFBC}") = "Proje3_1", "Proje3_1\Proje3_1.csproj", "{66F6C742-1E9C-41DF-A6C2-88C1025D78AF}"
EndProject
Global
	GlobalSection(SolutionConfigurationPlatforms) = preSolution
		Debug|Any CPU = Debug|Any CPU
		Release|Any CPU = Release|Any CPU
	EndGlobalSection
	GlobalSection(ProjectConfigurationPlatforms) = postSolution
		{66F6C742-1E9C-41DF-A6C2-88C1025D78AF}.Debug|Any CPU.ActiveCfg = Debug|Any CPU
		{66F6C742-1E9C-41DF-A6C2-88C1025D78AF}.Debug|Any CPU.Build.0 = Debug|Any CPU
		{66F6C742-1E9C-41DF-A6C2-88C1025D78AF}.Release|Any CPU.ActiveCfg = Release|Any CPU
		{66F6C742-1E9C-41DF-A6C2-88C1025D78AF}.Release|Any CPU.Build.0 = Release|Any CPU
	EndGlobalSection
	GlobalSection(SolutionProperties) = preSolution
		HideSolutionNode = FALSE
	EndGlobalSection
	GlobalSection(ExtensibilityGlobals) = postSolution
		SolutionGuid = {E50B563F-2EBB-4108-870D-62597AC7C18C}
	EndGlobalSection
EndGlobal
